
Microsoft Visual Studio Solution File, Format Version 12.00
# Visual Studio Version 17
VisualStudioVersion = 17.5.33516.290
MinimumVisualStudioVersion = 10.0.40219.1
Project("{FAE04EC0-301F-11D3-BF4B-00C04F79EFBC}") = "WindowsFormsApp111", "WindowsFormsApp111\WindowsFormsApp111.csproj", "{139370AA-A3F3-4D3A-8209-ACC567BA1DF2}"
EndProject
Global
	GlobalSection(SolutionConfigurationPlatforms) = preSolution
		Debug|Any CPU = Debug|Any CPU
		Release|Any CPU = Release|Any CPU
	EndGlobalSection
	GlobalSection(ProjectConfigurationPlatforms) = postSolution
		{139370AA-A3F3-4D3A-8209-ACC567BA1DF2}.Debug|Any CPU.ActiveCfg = Debug|Any CPU
		{139370AA-A3F3-4D3A-8209-ACC567BA1DF2}.Debug|Any CPU.Build.0 = Debug|Any CPU
		{139370AA-A3F3-4D3A-8209-ACC567BA1DF2}.Release|Any CPU.ActiveCfg = Release|Any CPU
		{139370AA-A3F3-4D3A-8209-ACC567BA1DF2}.Release|Any CPU.Build.0 = Release|Any CPU
	EndGlobalSection
	GlobalSection(SolutionProperties) = preSolution
		HideSolutionNode = FALSE
	EndGlobalSection
	GlobalSection(ExtensibilityGlobals) = postSolution
		SolutionGuid = {1A4D25A2-DC2F-4B80-A20A-A8F2ECCB1EB1}
	EndGlobalSection
EndGlobal
